<?xml version="1.0" encoding="utf-8"?>
<Project ToolsVersion="4.0" xmlns="http://schemas.microsoft.com/developer/msbuild/2003">
  <ItemGroup>
    <Filter Include="Исходные файлы">
      <UniqueIdentifier>{4FC737F1-C7A5-4376-A066-2A32D752A2FF}</UniqueIdentifier>
      <Extensions>cpp;c;cc;cxx;c++;cppm;ixx;def;odl;idl;hpj;bat;asm;asmx</Extensions>
    </Filter>
    <Filter Include="Файлы заголовков">
      <UniqueIdentifier>{93995380-89BD-4b04-88EB-625FBE52EBFB}</UniqueIdentifier>
      <Extensions>h;hh;hpp;hxx;h++;hm;inl;inc;ipp;xsd</Extensions>
    </Filter>
    <Filter Include="Файлы ресурсов">
      <UniqueIdentifier>{67DA6AB6-F800-4c08-8B7A-83BB121AAD01}</UniqueIdentifier>
      <Extensions>rc;ico;cur;bmp;dlg;rc2;rct;bin;rgs;gif;jpg;jpeg;jpe;resx;tiff;tif;png;wav;mfcribbon-ms</Extensions>
    </Filter>
    <Filter Include="Entities">
      <UniqueIdentifier>{5bdcdc8d-b5e6-4e7e-b25c-bbb388ecbbb3}</UniqueIdentifier>
    </Filter>
    <Filter Include="States">
      <UniqueIdentifier>{aa266d66-44c9-4eea-9b9a-93dc996f2830}</UniqueIdentifier>
    </Filter>
    <Filter Include="Components">
      <UniqueIdentifier>{e9ec450d-fec8-4cca-b6d1-0dccf8545124}</UniqueIdentifier>
    </Filter>
    <Filter Include="GUI">
      <UniqueIdentifier>{a938a803-a69c-47b7-983c-0efcfd5bbd76}</UniqueIdentifier>
    </Filter>
    <Filter Include="Map">
      <UniqueIdentifier>{718cdfe3-ba47-4bc5-9a82-e29cec541c5d}</UniqueIdentifier>
    </Filter>
    <Filter Include="Map\Tiles">
      <UniqueIdentifier>{78802346-cdaa-4b0d-9c83-a6eec50f8808}</UniqueIdentifier>
    </Filter>
    <Filter Include="Entities\Enemies">
      <UniqueIdentifier>{19660820-cb7b-47b9-b518-38903baa46da}</UniqueIdentifier>
    </Filter>
    <Filter Include="States\GameState">
      <UniqueIdentifier>{0e2661a6-3c2b-45f0-bf93-fcde36e369a6}</UniqueIdentifier>
    </Filter>
    <Filter Include="States\GameState\GameStateComponents">
      <UniqueIdentifier>{b1f5ba7e-828a-4e43-881e-8eab7f51cb30}</UniqueIdentifier>
    </Filter>
    <Filter Include="Map\Collision">
      <UniqueIdentifier>{e64eded5-e983-47f5-ad32-0f1a27286729}</UniqueIdentifier>
    </Filter>
    <Filter Include="Map\Traps">
      <UniqueIdentifier>{37a16a20-a5cd-404d-89e2-e0bd58ca4032}</UniqueIdentifier>
    </Filter>
    <Filter Include="Shaders">
      <UniqueIdentifier>{53da26c7-4523-456c-a791-9b5444f5409c}</UniqueIdentifier>
    </Filter>
    <Filter Include="Game">
      <UniqueIdentifier>{87c8c170-62d1-4076-be61-14bad5d7297f}</UniqueIdentifier>
    </Filter>
    <Filter Include="Components\EntitiesComponents">
      <UniqueIdentifier>{71db4779-206b-4eb6-9636-95dbabf96010}</UniqueIdentifier>
    </Filter>
    <Filter Include="Components\PlayerComponents">
      <UniqueIdentifier>{037ad7d1-40cd-432b-89ef-794d98cb35a1}</UniqueIdentifier>
    </Filter>
    <Filter Include="Components\GeneralComponents">
      <UniqueIdentifier>{180fa118-b9cb-42cb-8ace-877664c7412e}</UniqueIdentifier>
    </Filter>
    <Filter Include="Entities\BaseClases">
      <UniqueIdentifier>{bb421c5d-363f-455f-82e3-66485b947393}</UniqueIdentifier>
    </Filter>
    <Filter Include="Entities\Player">
      <UniqueIdentifier>{1105a54c-1052-4c36-8760-bbc8b9887571}</UniqueIdentifier>
    </Filter>
    <Filter Include="GUI\Menu%27s">
      <UniqueIdentifier>{4bcfcde4-a248-4fbc-8eee-8541aeffb9dc}</UniqueIdentifier>
    </Filter>
    <Filter Include="GUI\GeneralGUI">
      <UniqueIdentifier>{77dd0a14-9c54-4af7-b49b-f9bfc2d32b4f}</UniqueIdentifier>
    </Filter>
    <Filter Include="GUI\EntitiesGUI">
      <UniqueIdentifier>{e8fa71f4-23ce-4ae9-896c-8e20e206d159}</UniqueIdentifier>
    </Filter>
    <Filter Include="GUI\EntitiesGUI\PlayerGUI">
      <UniqueIdentifier>{2f79cc4c-d5b0-4616-88e1-17ee454c882c}</UniqueIdentifier>
    </Filter>
    <Filter Include="GUI\EntitiesGUI\EnemiesGUI">
      <UniqueIdentifier>{09be9841-7e7f-45f4-969a-646e97d3f28f}</UniqueIdentifier>
    </Filter>
    <Filter Include="States\BaseState">
      <UniqueIdentifier>{58b1a472-b60f-4ce0-afde-49175d892c83}</UniqueIdentifier>
    </Filter>
    <Filter Include="States\SettingsState">
      <UniqueIdentifier>{b567f83f-f0ec-47ff-bbe3-3897ea62404a}</UniqueIdentifier>
    </Filter>
    <Filter Include="States\EditorState">
      <UniqueIdentifier>{d4680bbe-03dc-4d37-afef-8cbf70efb270}</UniqueIdentifier>
    </Filter>
    <Filter Include="States\MainMenuState">
      <UniqueIdentifier>{c79224ea-d7c1-4866-b4ed-4621c2e5b76c}</UniqueIdentifier>
    </Filter>
    <Filter Include="GUI\GeneralGUI\Cpp">
      <UniqueIdentifier>{b704c0d0-ccf9-4a17-8d26-fbf851a766ba}</UniqueIdentifier>
    </Filter>
    <Filter Include="GUI\EntitiesGUI\PlayerGUI\Cpp">
      <UniqueIdentifier>{918c63ac-3337-4eb7-82c6-6ac1b5865c9f}</UniqueIdentifier>
    </Filter>
    <Filter Include="Map\TileMap">
      <UniqueIdentifier>{e12656b5-709f-4a9b-a88a-26945c87ea24}</UniqueIdentifier>
    </Filter>
    <Filter Include="States\GameState\Headers">
      <UniqueIdentifier>{336a1f00-df9b-48d3-a175-a8d3609455eb}</UniqueIdentifier>
    </Filter>
    <Filter Include="States\GameState\Cpp">
      <UniqueIdentifier>{f8de2d3d-5038-41b8-814f-187e0116c597}</UniqueIdentifier>
    </Filter>
    <Filter Include="Components\GeneralComponents\ISounds">
      <UniqueIdentifier>{62a4e9ad-e5f7-45ac-a508-587c7d059fe0}</UniqueIdentifier>
    </Filter>
  </ItemGroup>
  <ItemGroup>
    <None Include="packages.config" />
    <None Include="Src\Shaders\fragment_shader.frag">
      <Filter>Shaders</Filter>
    </None>
    <None Include="Src\Shaders\vertex_shader.vert">
      <Filter>Shaders</Filter>
    </None>
  </ItemGroup>
  <ItemGroup>
    <ClCompile Include="Src\Source.cpp">
      <Filter>Исходные файлы</Filter>
    </ClCompile>
    <ClCompile Include="Src\Game\Game.cpp">
      <Filter>Game</Filter>
    </ClCompile>
    <ClCompile Include="Src\States\State.cpp">
      <Filter>States\BaseState</Filter>
    </ClCompile>
    <ClCompile Include="Src\States\MainMenuState\MainMenuState.cpp">
      <Filter>States\MainMenuState</Filter>
    </ClCompile>
    <ClCompile Include="Src\States\SettingsState\SettingsState.cpp">
      <Filter>States\SettingsState</Filter>
    </ClCompile>
    <ClCompile Include="Src\States\GameState\EnemiesGenerationI\EnemiesGenarationInterface.cpp">
      <Filter>States\GameState\GameStateComponents</Filter>
    </ClCompile>
    <ClCompile Include="Src\States\GameState\Cpp%27s\GameState.cpp">
      <Filter>States\GameState\Cpp</Filter>
    </ClCompile>
    <ClCompile Include="Src\States\GameState\Cpp%27s\GameStateEnemiesF.cpp">
      <Filter>States\GameState\Cpp</Filter>
    </ClCompile>
    <ClCompile Include="Src\States\GameState\Cpp%27s\GameStateInit.cpp">
      <Filter>States\GameState\Cpp</Filter>
    </ClCompile>
    <ClCompile Include="Src\States\GameState\Cpp%27s\GameStateUpdateF.cpp">
      <Filter>States\GameState\Cpp</Filter>
    </ClCompile>
    <ClCompile Include="Src\States\EditorState\EditorState.cpp">
      <Filter>States\EditorState</Filter>
    </ClCompile>
    <ClCompile Include="Src\Map\Map\TileMap.cpp">
      <Filter>Map\TileMap</Filter>
    </ClCompile>
    <ClCompile Include="Src\Map\Map\MapCollision.cpp">
      <Filter>Map\Collision</Filter>
    </ClCompile>
    <ClCompile Include="Src\Map\Tiles\Tile.cpp">
      <Filter>Map\Tiles</Filter>
    </ClCompile>
    <ClCompile Include="Src\Map\Traps\MapTrapsComonent.cpp">
      <Filter>Map\Traps</Filter>
    </ClCompile>
    <ClCompile Include="Src\Gui\GeneralGui\Button.cpp">
      <Filter>GUI\GeneralGUI\Cpp</Filter>
    </ClCompile>
    <ClCompile Include="Src\Gui\GeneralGui\DropDownList.cpp">
      <Filter>GUI\GeneralGUI\Cpp</Filter>
    </ClCompile>
    <ClCompile Include="Src\Gui\GeneralGui\TextureSelector.cpp">
      <Filter>GUI\GeneralGUI\Cpp</Filter>
    </ClCompile>
    <ClCompile Include="Src\Gui\Menu%27s\GameOverMenu.cpp">
      <Filter>GUI\Menu%27s</Filter>
    </ClCompile>
    <ClCompile Include="Src\Gui\Menu%27s\PauseMenu.cpp">
      <Filter>GUI\Menu%27s</Filter>
    </ClCompile>
    <ClCompile Include="Src\Gui\EnemiesGui\EnemyGUI.cpp">
      <Filter>GUI\EntitiesGUI\EnemiesGUI</Filter>
    </ClCompile>
    <ClCompile Include="Src\Gui\Menu%27s\SkillsMenu.cpp">
      <Filter>GUI\EntitiesGUI\PlayerGUI\Cpp</Filter>
    </ClCompile>
    <ClCompile Include="Src\Gui\Menu%27s\ItemsMenu.cpp">
      <Filter>GUI\EntitiesGUI\PlayerGUI\Cpp</Filter>
    </ClCompile>
    <ClCompile Include="Src\Gui\PlayerGui\PlayerGUI.cpp">
      <Filter>GUI\EntitiesGUI\PlayerGUI\Cpp</Filter>
    </ClCompile>
    <ClCompile Include="Src\Gui\PlayerGui\SkillsLevelingComponent.cpp">
      <Filter>GUI\EntitiesGUI\PlayerGUI\Cpp</Filter>
    </ClCompile>
    <ClCompile Include="Src\Entities\Player\Player.cpp">
      <Filter>Entities\Player</Filter>
    </ClCompile>
    <ClCompile Include="Src\Entities\Entity.cpp">
      <Filter>Entities\BaseClases</Filter>
    </ClCompile>
    <ClCompile Include="Src\Entities\Enemies\Enemy.cpp">
      <Filter>Entities\BaseClases</Filter>
    </ClCompile>
    <ClCompile Include="Src\Entities\Enemies\BossEnemy.cpp">
      <Filter>Entities\Enemies</Filter>
    </ClCompile>
    <ClCompile Include="Src\Entities\Enemies\DestroyingEnemy.cpp">
      <Filter>Entities\Enemies</Filter>
    </ClCompile>
    <ClCompile Include="Src\Entities\Enemies\MageEnemy.cpp">
      <Filter>Entities\Enemies</Filter>
    </ClCompile>
    <ClCompile Include="Src\Entities\Enemies\MeleEnemy.cpp">
      <Filter>Entities\Enemies</Filter>
    </ClCompile>
    <ClCompile Include="Src\Components\GeneralComponents\AnimationComponent.cpp">
      <Filter>Components\GeneralComponents</Filter>
    </ClCompile>
    <ClCompile Include="Src\Components\GeneralComponents\PopUpTextComponent.cpp">
      <Filter>Components\GeneralComponents</Filter>
    </ClCompile>
    <ClCompile Include="Src\Components\GeneralComponents\SoundComponent.cpp">
      <Filter>Components\GeneralComponents</Filter>
    </ClCompile>
    <ClCompile Include="Src\Components\EntitiesComponents\SkillsComponent.cpp">
      <Filter>Components\PlayerComponents</Filter>
    </ClCompile>
    <ClCompile Include="Src\Components\EntitiesComponents\HitboxComponent.cpp">
      <Filter>Components\EntitiesComponents</Filter>
    </ClCompile>
    <ClCompile Include="Src\Components\EntitiesComponents\MovementComponent.cpp">
      <Filter>Components\EntitiesComponents</Filter>
    </ClCompile>
    <ClCompile Include="Src\Components\EntitiesComponents\StatsComponent.cpp">
      <Filter>Components\EntitiesComponents</Filter>
    </ClCompile>
    <ClCompile Include="Src\GraphicsSettings\GraphicsSettings.cpp">
      <Filter>Файлы ресурсов</Filter>
    </ClCompile>
    <ClCompile Include="Src\stdafx.cpp">
      <Filter>Файлы заголовков</Filter>
    </ClCompile>
    <ClCompile Include="Src\Components\GeneralComponents\IMusicPlayer.cpp">
      <Filter>Components\GeneralComponents\ISounds</Filter>
    </ClCompile>
    <ClCompile Include="Src\Components\GeneralComponents\ISoundsPlayer.cpp">
      <Filter>Components\GeneralComponents\ISounds</Filter>
    </ClCompile>
  </ItemGroup>
  <ItemGroup>
    <ClInclude Include="Src\stdafx.h">
      <Filter>Файлы заголовков</Filter>
    </ClInclude>
    <ClInclude Include="Src\Game\Game.h">
      <Filter>Game</Filter>
    </ClInclude>
    <ClInclude Include="Src\States\State.h">
      <Filter>States\BaseState</Filter>
    </ClInclude>
    <ClInclude Include="Src\States\MainMenuState\MainMenuState.h">
      <Filter>States\MainMenuState</Filter>
    </ClInclude>
    <ClInclude Include="Src\States\SettingsState\SettingsState.h">
      <Filter>States\SettingsState</Filter>
    </ClInclude>
    <ClInclude Include="Src\States\GameState\GameState.h">
      <Filter>States\GameState\Headers</Filter>
    </ClInclude>
    <ClInclude Include="Src\States\GameState\EnemiesGenerationI\EnemiesGenarationInterface.h">
      <Filter>States\GameState\GameStateComponents</Filter>
    </ClInclude>
    <ClInclude Include="Src\States\EditorState\EditorState.h">
      <Filter>States\EditorState</Filter>
    </ClInclude>
    <ClInclude Include="Src\Map\Map\TileMap.h">
      <Filter>Map\TileMap</Filter>
    </ClInclude>
    <ClInclude Include="Src\Map\Tiles\Tile.h">
      <Filter>Map\Tiles</Filter>
    </ClInclude>
    <ClInclude Include="Src\Map\Traps\MapTrapsComonent.h">
      <Filter>Map\Traps</Filter>
    </ClInclude>
    <ClInclude Include="Src\Gui\GeneralGui\Gui.h">
      <Filter>GUI\GeneralGUI</Filter>
    </ClInclude>
    <ClInclude Include="Src\Gui\Menu%27s\GameOverMenu.h">
      <Filter>GUI\Menu%27s</Filter>
    </ClInclude>
    <ClInclude Include="Src\Gui\Menu%27s\PauseMenu.h">
      <Filter>GUI\Menu%27s</Filter>
    </ClInclude>
    <ClInclude Include="Src\Gui\EnemiesGui\EnemyGUI.h">
      <Filter>GUI\EntitiesGUI\EnemiesGUI</Filter>
    </ClInclude>
    <ClInclude Include="Src\Gui\PlayerGui\PlayerGUI.h">
      <Filter>GUI\EntitiesGUI\PlayerGUI</Filter>
    </ClInclude>
    <ClInclude Include="Src\Entities\Player\Player.h">
      <Filter>Entities\Player</Filter>
    </ClInclude>
    <ClInclude Include="Src\Entities\Entity.h">
      <Filter>Entities\BaseClases</Filter>
    </ClInclude>
    <ClInclude Include="Src\Entities\Enemies\Enemy.h">
      <Filter>Entities\BaseClases</Filter>
    </ClInclude>
    <ClInclude Include="Src\Entities\Enemies\BossEnemy.h">
      <Filter>Entities\Enemies</Filter>
    </ClInclude>
    <ClInclude Include="Src\Entities\Enemies\DestroyingEnemy.h">
      <Filter>Entities\Enemies</Filter>
    </ClInclude>
    <ClInclude Include="Src\Entities\Enemies\MageEnemy.h">
      <Filter>Entities\Enemies</Filter>
    </ClInclude>
    <ClInclude Include="Src\Entities\Enemies\MeleEnemy.h">
      <Filter>Entities\Enemies</Filter>
    </ClInclude>
    <ClInclude Include="Src\Components\GeneralComponents\AnimationComponent.h">
      <Filter>Components\GeneralComponents</Filter>
    </ClInclude>
    <ClInclude Include="Src\Components\GeneralComponents\PopUpTextComponent.h">
      <Filter>Components\GeneralComponents</Filter>
    </ClInclude>
    <ClInclude Include="Src\Components\GeneralComponents\SoundComponent.h">
      <Filter>Components\GeneralComponents</Filter>
    </ClInclude>
    <ClInclude Include="Src\Components\EntitiesComponents\SkillsComponent.h">
      <Filter>Components\PlayerComponents</Filter>
    </ClInclude>
    <ClInclude Include="Src\Components\EntitiesComponents\HitboxComponent.h">
      <Filter>Components\EntitiesComponents</Filter>
    </ClInclude>
    <ClInclude Include="Src\Components\EntitiesComponents\MovementComponent.h">
      <Filter>Components\EntitiesComponents</Filter>
    </ClInclude>
    <ClInclude Include="Src\Components\EntitiesComponents\StatsComponent.h">
      <Filter>Components\EntitiesComponents</Filter>
    </ClInclude>
    <ClInclude Include="Src\GraphicsSettings\GraphicsSettings.h">
      <Filter>Файлы ресурсов</Filter>
    </ClInclude>
    <ClInclude Include="Src\Components\GeneralComponents\IMusicPlayer.h">
      <Filter>Components\GeneralComponents\ISounds</Filter>
    </ClInclude>
    <ClInclude Include="Src\Components\GeneralComponents\ISoundsPlayer.h">
      <Filter>Components\GeneralComponents\ISounds</Filter>
    </ClInclude>
  </ItemGroup>
</Project>